<?xml version="1.0" encoding="utf-8"?>
<Project ToolsVersion="4.0" xmlns="http://schemas.microsoft.com/developer/msbuild/2003">
  <ItemGroup>
    <Filter Include="data">
      <UniqueIdentifier>{78adfb6a-35e3-4d8e-bdfd-7d307d520783}</UniqueIdentifier>
    </Filter>
    <Filter Include="registries">
      <UniqueIdentifier>{ad8ee99a-879a-4774-a1f9-92647fcdb40c}</UniqueIdentifier>
    </Filter>
    <Filter Include="queues">
      <UniqueIdentifier>{69357a1a-40d7-4b26-9415-eca06f8fe2cc}</UniqueIdentifier>
    </Filter>
    <Filter Include="ui">
      <UniqueIdentifier>{e57077e5-5766-496b-8a79-f8bac264c848}</UniqueIdentifier>
    </Filter>
    <Filter Include="utils">
      <UniqueIdentifier>{e109c961-64b0-43b3-aec5-2269fcfcea3a}</UniqueIdentifier>
    </Filter>
    <Filter Include="work">
      <UniqueIdentifier>{32fc9a90-21b5-429b-8843-cb5657565b9a}</UniqueIdentifier>
    </Filter>
  </ItemGroup>
  <ItemGroup>
    <None Include="Todo.md" />
    <None Include="ReadMe.md" />
    <None Include="data\new_buildings.txt">
      <Filter>data</Filter>
    </None>
    <None Include="data\HT.txt">
      <Filter>data</Filter>
    </None>
    <None Include="data\islands.txt">
      <Filter>data</Filter>
    </None>
    <None Include="data\in_0_ar_0.txt">
      <Filter>data</Filter>
    </None>
    <None Include="data\AB.txt">
      <Filter>data</Filter>
    </None>
    <None Include="data\TR.txt">
      <Filter>data</Filter>
    </None>
    <None Include="data\PA.txt">
      <Filter>data</Filter>
    </None>
    <None Include="data\island_resources.txt">
      <Filter>data</Filter>
    </None>
    <None Include="data\AT.txt">
      <Filter>data</Filter>
    </None>
    <None Include="data\BB.txt">
      <Filter>data</Filter>
    </None>
    <None Include="data\rewards.txt">
      <Filter>data</Filter>
    </None>
    <None Include="data\in_0_ar_1.txt">
      <Filter>data</Filter>
    </None>
  </ItemGroup>
  <ItemGroup>
    <Text Include="data\12.txt">
      <Filter>data</Filter>
    </Text>
    <Text Include="data\buildings.txt">
      <Filter>data</Filter>
    </Text>
    <Text Include="data\max_resources.txt">
      <Filter>data</Filter>
    </Text>
    <Text Include="data\requirements.txt">
      <Filter>data</Filter>
    </Text>
    <Text Include="data\resource_definitions.txt">
      <Filter>data</Filter>
    </Text>
    <Text Include="data\tasks.txt">
      <Filter>data</Filter>
    </Text>
  </ItemGroup>
  <ItemGroup>
    <ClInclude Include="src\Common.h" />
    <ClInclude Include="src\Resources.h" />
    <ClInclude Include="src\targetver.h" />
    <ClInclude Include="src\Tiles.h" />
    <ClInclude Include="src\World.h" />
    <ClInclude Include="src\Simulation.h" />
    <ClInclude Include="src\registries\PriceRegistry.h">
      <Filter>registries</Filter>
    </ClInclude>
    <ClInclude Include="src\registries\RegistryReader.h">
      <Filter>registries</Filter>
    </ClInclude>
    <ClInclude Include="src\registries\RequirementsRegistry.h">
      <Filter>registries</Filter>
    </ClInclude>
    <ClInclude Include="src\registries\MaxResourcesRegistry.h">
      <Filter>registries</Filter>
    </ClInclude>
    <ClInclude Include="src\registries\BaseRegistry.h">
      <Filter>registries</Filter>
    </ClInclude>
    <ClInclude Include="src\registries\ResourceRegistry.h">
      <Filter>registries</Filter>
    </ClInclude>
    <ClInclude Include="src\registries\BuildingRegistry.h">
      <Filter>registries</Filter>
    </ClInclude>
    <ClInclude Include="src\registries\IslandRegistry.h">
      <Filter>registries</Filter>
    </ClInclude>
    <ClInclude Include="src\registries\TaskRegistry.h">
      <Filter>registries</Filter>
    </ClInclude>
    <ClInclude Include="src\registries\RewardsRegistry.h">
      <Filter>registries</Filter>
    </ClInclude>
    <ClInclude Include="src\utils\CSVFile.h">
      <Filter>utils</Filter>
    </ClInclude>
    <ClInclude Include="src\utils\files.h">
      <Filter>utils</Filter>
    </ClInclude>
    <ClInclude Include="src\utils\GlobalTimer.h">
      <Filter>utils</Filter>
    </ClInclude>
    <ClInclude Include="src\utils\utils.h">
      <Filter>utils</Filter>
    </ClInclude>
    <ClInclude Include="src\ui\Parser.h">
      <Filter>ui</Filter>
    </ClInclude>
    <ClInclude Include="src\queues\TaskQueue.h">
      <Filter>queues</Filter>
    </ClInclude>
    <ClInclude Include="src\queues\WorkQueue.h">
      <Filter>queues</Filter>
    </ClInclude>
    <ClInclude Include="src\utils\Log.h">
      <Filter>utils</Filter>
    </ClInclude>
    <ClInclude Include="src\ui\vis.h">
      <Filter>ui</Filter>
    </ClInclude>
    <ClInclude Include="src\Island.h" />
    <ClInclude Include="src\utils\Serializer.h">
      <Filter>utils</Filter>
    </ClInclude>
    <ClInclude Include="src\work\Work.h">
      <Filter>work</Filter>
    </ClInclude>
    <ClInclude Include="src\work\DeleteWork.h">
      <Filter>work</Filter>
    </ClInclude>
    <ClInclude Include="src\work\BuildWork.h">
      <Filter>work</Filter>
    </ClInclude>
    <ClInclude Include="src\work\StartWork.h">
      <Filter>work</Filter>
    </ClInclude>
    <ClInclude Include="src\work\UpgradeWork.h">
      <Filter>work</Filter>
    </ClInclude>
    <ClInclude Include="src\utils\Messages.h">
      <Filter>utils</Filter>
    </ClInclude>
  </ItemGroup>
  <ItemGroup>
    <ClCompile Include="src\Resources.cpp" />
    <ClCompile Include="src\Space.cpp" />
    <ClCompile Include="src\World.cpp" />
    <ClCompile Include="src\Simulation.cpp" />
    <ClCompile Include="src\registries\PriceRegistry.cpp">
      <Filter>registries</Filter>
    </ClCompile>
    <ClCompile Include="src\registries\RegistryReader.cpp">
      <Filter>registries</Filter>
    </ClCompile>
    <ClCompile Include="src\registries\RequirementsRegistry.cpp">
      <Filter>registries</Filter>
    </ClCompile>
    <ClCompile Include="src\registries\MaxResourcesRegistry.cpp">
      <Filter>registries</Filter>
    </ClCompile>
    <ClCompile Include="src\registries\ResourceRegistry.cpp">
      <Filter>registries</Filter>
    </ClCompile>
    <ClCompile Include="src\registries\BuildingRegistry.cpp">
      <Filter>registries</Filter>
    </ClCompile>
    <ClCompile Include="src\registries\IslandRegistry.cpp">
      <Filter>registries</Filter>
    </ClCompile>
    <ClCompile Include="src\registries\TaskRegistry.cpp">
      <Filter>registries</Filter>
    </ClCompile>
    <ClCompile Include="src\registries\RewardsRegistry.cpp">
      <Filter>registries</Filter>
    </ClCompile>
    <ClCompile Include="src\utils\CSVFile.cpp">
      <Filter>utils</Filter>
    </ClCompile>
    <ClCompile Include="src\utils\files.cpp">
      <Filter>utils</Filter>
    </ClCompile>
    <ClCompile Include="src\utils\GlobalTimer.cpp">
      <Filter>utils</Filter>
    </ClCompile>
    <ClCompile Include="src\utils\utils.cpp">
      <Filter>utils</Filter>
    </ClCompile>
    <ClCompile Include="src\queues\TaskQueue.cpp">
      <Filter>queues</Filter>
    </ClCompile>
    <ClCompile Include="src\queues\WorkQueue.cpp">
      <Filter>queues</Filter>
    </ClCompile>
    <ClCompile Include="src\utils\Log.cpp">
      <Filter>utils</Filter>
    </ClCompile>
    <ClCompile Include="src\ui\vis.cpp">
      <Filter>ui</Filter>
    </ClCompile>
    <ClCompile Include="src\Island.cpp" />
    <ClCompile Include="src\utils\Serializer.cpp">
      <Filter>utils</Filter>
    </ClCompile>
    <ClCompile Include="src\work\Work.cpp">
      <Filter>work</Filter>
    </ClCompile>
    <ClCompile Include="src\work\DeleteWork.cpp">
      <Filter>work</Filter>
    </ClCompile>
    <ClCompile Include="src\work\BuildWork.cpp">
      <Filter>work</Filter>
    </ClCompile>
    <ClCompile Include="src\work\StartWork.cpp">
      <Filter>work</Filter>
    </ClCompile>
    <ClCompile Include="src\work\UpgradeWork.cpp">
      <Filter>work</Filter>
    </ClCompile>
    <ClCompile Include="src\utils\Messages.cpp">
      <Filter>utils</Filter>
    </ClCompile>
  </ItemGroup>
</Project>